// !$*UTF8*$!
{
	archiveVersion = 1;
	classes = {
	};
	objectVersion = 55;
	objects = {

/* Begin PBXBuildFile section */
		220D40CD292C126200BA30DC /* Tests_iOS.swift in Sources */ = {isa = PBXBuildFile; fileRef = 220D40CC292C126200BA30DC /* Tests_iOS.swift */; };
		220D40CF292C126200BA30DC /* Tests_iOSLaunchTests.swift in Sources */ = {isa = PBXBuildFile; fileRef = 220D40CE292C126200BA30DC /* Tests_iOSLaunchTests.swift */; };
		220D40D9292C126200BA30DC /* Tests_macOS.swift in Sources */ = {isa = PBXBuildFile; fileRef = 220D40D8292C126200BA30DC /* Tests_macOS.swift */; };
		220D40DB292C126200BA30DC /* Tests_macOSLaunchTests.swift in Sources */ = {isa = PBXBuildFile; fileRef = 220D40DA292C126200BA30DC /* Tests_macOSLaunchTests.swift */; };
		220D40DC292C126200BA30DC /* GameCalciApp.swift in Sources */ = {isa = PBXBuildFile; fileRef = 220D40B4292C126100BA30DC /* GameCalciApp.swift */; };
		220D40DD292C126200BA30DC /* GameCalciApp.swift in Sources */ = {isa = PBXBuildFile; fileRef = 220D40B4292C126100BA30DC /* GameCalciApp.swift */; };
		220D40DE292C126200BA30DC /* ContentView.swift in Sources */ = {isa = PBXBuildFile; fileRef = 220D40B5292C126100BA30DC /* ContentView.swift */; };
		220D40DF292C126200BA30DC /* ContentView.swift in Sources */ = {isa = PBXBuildFile; fileRef = 220D40B5292C126100BA30DC /* ContentView.swift */; };
		220D40E0292C126200BA30DC /* Assets.xcassets in Resources */ = {isa = PBXBuildFile; fileRef = 220D40B6292C126200BA30DC /* Assets.xcassets */; };
		220D40E1292C126200BA30DC /* Assets.xcassets in Resources */ = {isa = PBXBuildFile; fileRef = 220D40B6292C126200BA30DC /* Assets.xcassets */; };
/* End PBXBuildFile section */

/* Begin PBXContainerItemProxy section */
		220D40C9292C126200BA30DC /* PBXContainerItemProxy */ = {
			isa = PBXContainerItemProxy;
			containerPortal = 220D40AF292C126100BA30DC /* Project object */;
			proxyType = 1;
			remoteGlobalIDString = 220D40BA292C126200BA30DC;
			remoteInfo = "GameCalci (iOS)";
		};
		220D40D5292C126200BA30DC /* PBXContainerItemProxy */ = {
			isa = PBXContainerItemProxy;
			containerPortal = 220D40AF292C126100BA30DC /* Project object */;
			proxyType = 1;
			remoteGlobalIDString = 220D40C0292C126200BA30DC;
			remoteInfo = "GameCalci (macOS)";
		};
/* End PBXContainerItemProxy section */

/* Begin PBXFileReference section */
		220D40B4292C126100BA30DC /* GameCalciApp.swift */ = {isa = PBXFileReference; lastKnownFileType = sourcecode.swift; path = GameCalciApp.swift; sourceTree = "<group>"; };
		220D40B5292C126100BA30DC /* ContentView.swift */ = {isa = PBXFileReference; lastKnownFileType = sourcecode.swift; path = ContentView.swift; sourceTree = "<group>"; };
		220D40B6292C126200BA30DC /* Assets.xcassets */ = {isa = PBXFileReference; lastKnownFileType = folder.assetcatalog; path = Assets.xcassets; sourceTree = "<group>"; };
		220D40BB292C126200BA30DC /* GameCalci.app */ = {isa = PBXFileReference; explicitFileType = wrapper.application; includeInIndex = 0; path = GameCalci.app; sourceTree = BUILT_PRODUCTS_DIR; };
		220D40C1292C126200BA30DC /* GameCalci.app */ = {isa = PBXFileReference; explicitFileType = wrapper.application; includeInIndex = 0; path = GameCalci.app; sourceTree = BUILT_PRODUCTS_DIR; };
		220D40C3292C126200BA30DC /* macOS.entitlements */ = {isa = PBXFileReference; lastKnownFileType = text.plist.entitlements; path = macOS.entitlements; sourceTree = "<group>"; };
		220D40C8292C126200BA30DC /* Tests iOS.xctest */ = {isa = PBXFileReference; explicitFileType = wrapper.cfbundle; includeInIndex = 0; path = "Tests iOS.xctest"; sourceTree = BUILT_PRODUCTS_DIR; };
		220D40CC292C126200BA30DC /* Tests_iOS.swift */ = {isa = PBXFileReference; lastKnownFileType = sourcecode.swift; path = Tests_iOS.swift; sourceTree = "<group>"; };
		220D40CE292C126200BA30DC /* Tests_iOSLaunchTests.swift */ = {isa = PBXFileReference; lastKnownFileType = sourcecode.swift; path = Tests_iOSLaunchTests.swift; sourceTree = "<group>"; };
		220D40D4292C126200BA30DC /* Tests macOS.xctest */ = {isa = PBXFileReference; explicitFileType = wrapper.cfbundle; includeInIndex = 0; path = "Tests macOS.xctest"; sourceTree = BUILT_PRODUCTS_DIR; };
		220D40D8292C126200BA30DC /* Tests_macOS.swift */ = {isa = PBXFileReference; lastKnownFileType = sourcecode.swift; path = Tests_macOS.swift; sourceTree = "<group>"; };
		220D40DA292C126200BA30DC /* Tests_macOSLaunchTests.swift */ = {isa = PBXFileReference; lastKnownFileType = sourcecode.swift; path = Tests_macOSLaunchTests.swift; sourceTree = "<group>"; };
		220D40F0292C135100BA30DC /* Readme.md */ = {isa = PBXFileReference; lastKnownFileType = net.daringfireball.markdown; path = Readme.md; sourceTree = "<group>"; };
/* End PBXFileReference section */

/* Begin PBXFrameworksBuildPhase section */
		220D40B8292C126200BA30DC /* Frameworks */ = {
			isa = PBXFrameworksBuildPhase;
			buildActionMask = 2147483647;
			files = (
			);
			runOnlyForDeploymentPostprocessing = 0;
		};
		220D40BE292C126200BA30DC /* Frameworks */ = {
			isa = PBXFrameworksBuildPhase;
			buildActionMask = 2147483647;
			files = (
			);
			runOnlyForDeploymentPostprocessing = 0;
		};
		220D40C5292C126200BA30DC /* Frameworks */ = {
			isa = PBXFrameworksBuildPhase;
			buildActionMask = 2147483647;
			files = (
			);
			runOnlyForDeploymentPostprocessing = 0;
		};
		220D40D1292C126200BA30DC /* Frameworks */ = {
			isa = PBXFrameworksBuildPhase;
			buildActionMask = 2147483647;
			files = (
			);
			runOnlyForDeploymentPostprocessing = 0;
		};
/* End PBXFrameworksBuildPhase section */

/* Begin PBXGroup section */
		220D40AE292C126100BA30DC = {
			isa = PBXGroup;
			children = (
				220D40F0292C135100BA30DC /* Readme.md */,
				220D40B3292C126100BA30DC /* Shared */,
				220D40C2292C126200BA30DC /* macOS */,
				220D40CB292C126200BA30DC /* Tests iOS */,
				220D40D7292C126200BA30DC /* Tests macOS */,
				220D40BC292C126200BA30DC /* Products */,
			);
			sourceTree = "<group>";
		};
		220D40B3292C126100BA30DC /* Shared */ = {
			isa = PBXGroup;
			children = (
				220D40B4292C126100BA30DC /* GameCalciApp.swift */,
				220D40B5292C126100BA30DC /* ContentView.swift */,
				220D40B6292C126200BA30DC /* Assets.xcassets */,
			);
			path = Shared;
			sourceTree = "<group>";
		};
		220D40BC292C126200BA30DC /* Products */ = {
			isa = PBXGroup;
			children = (
				220D40BB292C126200BA30DC /* GameCalci.app */,
				220D40C1292C126200BA30DC /* GameCalci.app */,
				220D40C8292C126200BA30DC /* Tests iOS.xctest */,
				220D40D4292C126200BA30DC /* Tests macOS.xctest */,
			);
			name = Products;
			sourceTree = "<group>";
		};
		220D40C2292C126200BA30DC /* macOS */ = {
			isa = PBXGroup;
			children = (
				220D40C3292C126200BA30DC /* macOS.entitlements */,
			);
			path = macOS;
			sourceTree = "<group>";
		};
		220D40CB292C126200BA30DC /* Tests iOS */ = {
			isa = PBXGroup;
			children = (
				220D40CC292C126200BA30DC /* Tests_iOS.swift */,
				220D40CE292C126200BA30DC /* Tests_iOSLaunchTests.swift */,
			);
			path = "Tests iOS";
			sourceTree = "<group>";
		};
		220D40D7292C126200BA30DC /* Tests macOS */ = {
			isa = PBXGroup;
			children = (
				220D40D8292C126200BA30DC /* Tests_macOS.swift */,
				220D40DA292C126200BA30DC /* Tests_macOSLaunchTests.swift */,
			);
			path = "Tests macOS";
			sourceTree = "<group>";
		};
/* End PBXGroup section */

/* Begin PBXNativeTarget section */
		220D40BA292C126200BA30DC /* GameCalci (iOS) */ = {
			isa = PBXNativeTarget;
			buildConfigurationList = 220D40E4292C126200BA30DC /* Build configuration list for PBXNativeTarget "GameCalci (iOS)" */;
			buildPhases = (
				220D40B7292C126200BA30DC /* Sources */,
				220D40B8292C126200BA30DC /* Frameworks */,
				220D40B9292C126200BA30DC /* Resources */,
			);
			buildRules = (
			);
			dependencies = (
			);
			name = "GameCalci (iOS)";
			productName = "GameCalci (iOS)";
			productReference = 220D40BB292C126200BA30DC /* GameCalci.app */;
			productType = "com.apple.product-type.application";
		};
		220D40C0292C126200BA30DC /* GameCalci (macOS) */ = {
			isa = PBXNativeTarget;
			buildConfigurationList = 220D40E7292C126200BA30DC /* Build configuration list for PBXNativeTarget "GameCalci (macOS)" */;
			buildPhases = (
				220D40BD292C126200BA30DC /* Sources */,
				220D40BE292C126200BA30DC /* Frameworks */,
				220D40BF292C126200BA30DC /* Resources */,
			);
			buildRules = (
			);
			dependencies = (
			);
			name = "GameCalci (macOS)";
			productName = "GameCalci (macOS)";
			productReference = 220D40C1292C126200BA30DC /* GameCalci.app */;
			productType = "com.apple.product-type.application";
		};
		220D40C7292C126200BA30DC /* Tests iOS */ = {
			isa = PBXNativeTarget;
			buildConfigurationList = 220D40EA292C126200BA30DC /* Build configuration list for PBXNativeTarget "Tests iOS" */;
			buildPhases = (
				220D40C4292C126200BA30DC /* Sources */,
				220D40C5292C126200BA30DC /* Frameworks */,
				220D40C6292C126200BA30DC /* Resources */,
			);
			buildRules = (
			);
			dependencies = (
				220D40CA292C126200BA30DC /* PBXTargetDependency */,
			);
			name = "Tests iOS";
			productName = "Tests iOS";
			productReference = 220D40C8292C126200BA30DC /* Tests iOS.xctest */;
			productType = "com.apple.product-type.bundle.ui-testing";
		};
		220D40D3292C126200BA30DC /* Tests macOS */ = {
			isa = PBXNativeTarget;
			buildConfigurationList = 220D40ED292C126200BA30DC /* Build configuration list for PBXNativeTarget "Tests macOS" */;
			buildPhases = (
				220D40D0292C126200BA30DC /* Sources */,
				220D40D1292C126200BA30DC /* Frameworks */,
				220D40D2292C126200BA30DC /* Resources */,
			);
			buildRules = (
			);
			dependencies = (
				220D40D6292C126200BA30DC /* PBXTargetDependency */,
			);
			name = "Tests macOS";
			productName = "Tests macOS";
			productReference = 220D40D4292C126200BA30DC /* Tests macOS.xctest */;
			productType = "com.apple.product-type.bundle.ui-testing";
		};
/* End PBXNativeTarget section */

/* Begin PBXProject section */
		220D40AF292C126100BA30DC /* Project object */ = {
			isa = PBXProject;
			attributes = {
				BuildIndependentTargetsInParallel = 1;
				LastSwiftUpdateCheck = 1340;
				LastUpgradeCheck = 1340;
				TargetAttributes = {
					220D40BA292C126200BA30DC = {
						CreatedOnToolsVersion = 13.4.1;
					};
					220D40C0292C126200BA30DC = {
						CreatedOnToolsVersion = 13.4.1;
					};
					220D40C7292C126200BA30DC = {
						CreatedOnToolsVersion = 13.4.1;
						TestTargetID = 220D40BA292C126200BA30DC;
					};
					220D40D3292C126200BA30DC = {
						CreatedOnToolsVersion = 13.4.1;
						TestTargetID = 220D40C0292C126200BA30DC;
					};
				};
			};
			buildConfigurationList = 220D40B2292C126100BA30DC /* Build configuration list for PBXProject "GameCalci" */;
			compatibilityVersion = "Xcode 13.0";
			developmentRegion = en;
			hasScannedForEncodings = 0;
			knownRegions = (
				en,
				Base,
			);
			mainGroup = 220D40AE292C126100BA30DC;
			productRefGroup = 220D40BC292C126200BA30DC /* Products */;
			projectDirPath = "";
			projectRoot = "";
			targets = (
				220D40BA292C126200BA30DC /* GameCalci (iOS) */,
				220D40C0292C126200BA30DC /* GameCalci (macOS) */,
				220D40C7292C126200BA30DC /* Tests iOS */,
				220D40D3292C126200BA30DC /* Tests macOS */,
			);
		};
/* End PBXProject section */

/* Begin PBXResourcesBuildPhase section */
		220D40B9292C126200BA30DC /* Resources */ = {
			isa = PBXResourcesBuildPhase;
			buildActionMask = 2147483647;
			files = (
				220D40E0292C126200BA30DC /* Assets.xcassets in Resources */,
			);
			runOnlyForDeploymentPostprocessing = 0;
		};
		220D40BF292C126200BA30DC /* Resources */ = {
			isa = PBXResourcesBuildPhase;
			buildActionMask = 2147483647;
			files = (
				220D40E1292C126200BA30DC /* Assets.xcassets in Resources */,
			);
			runOnlyForDeploymentPostprocessing = 0;
		};
		220D40C6292C126200BA30DC /* Resources */ = {
			isa = PBXResourcesBuildPhase;
			buildActionMask = 2147483647;
			files = (
			);
			runOnlyForDeploymentPostprocessing = 0;
		};
		220D40D2292C126200BA30DC /* Resources */ = {
			isa = PBXResourcesBuildPhase;
			buildActionMask = 2147483647;
			files = (
			);
			runOnlyForDeploymentPostprocessing = 0;
		};
/* End PBXResourcesBuildPhase section */

/* Begin PBXSourcesBuildPhase section */
		220D40B7292C126200BA30DC /* Sources */ = {
			isa = PBXSourcesBuildPhase;
			buildActionMask = 2147483647;
			files = (
				220D40DE292C126200BA30DC /* ContentView.swift in Sources */,
				220D40DC292C126200BA30DC /* GameCalciApp.swift in Sources */,
			);
			runOnlyForDeploymentPostprocessing = 0;
		};
		220D40BD292C126200BA30DC /* Sources */ = {
			isa = PBXSourcesBuildPhase;
			buildActionMask = 2147483647;
			files = (
				220D40DF292C126200BA30DC /* ContentView.swift in Sources */,
				220D40DD292C126200BA30DC /* GameCalciApp.swift in Sources */,
			);
			runOnlyForDeploymentPostprocessing = 0;
		};
		220D40C4292C126200BA30DC /* Sources */ = {
			isa = PBXSourcesBuildPhase;
			buildActionMask = 2147483647;
			files = (
				220D40CF292C126200BA30DC /* Tests_iOSLaunchTests.swift in Sources */,
				220D40CD292C126200BA30DC /* Tests_iOS.swift in Sources */,
			);
			runOnlyForDeploymentPostprocessing = 0;
		};
		220D40D0292C126200BA30DC /* Sources */ = {
			isa = PBXSourcesBuildPhase;
			buildActionMask = 2147483647;
			files = (
				220D40DB292C126200BA30DC /* Tests_macOSLaunchTests.swift in Sources */,
				220D40D9292C126200BA30DC /* Tests_macOS.swift in Sources */,
			);
			runOnlyForDeploymentPostprocessing = 0;
		};
/* End PBXSourcesBuildPhase section */

/* Begin PBXTargetDependency section */
		220D40CA292C126200BA30DC /* PBXTargetDependency */ = {
			isa = PBXTargetDependency;
			target = 220D40BA292C126200BA30DC /* GameCalci (iOS) */;
			targetProxy = 220D40C9292C126200BA30DC /* PBXContainerItemProxy */;
		};
		220D40D6292C126200BA30DC /* PBXTargetDependency */ = {
			isa = PBXTargetDependency;
			target = 220D40C0292C126200BA30DC /* GameCalci (macOS) */;
			targetProxy = 220D40D5292C126200BA30DC /* PBXContainerItemProxy */;
		};
/* End PBXTargetDependency section */

/* Begin XCBuildConfiguration section */
		220D40E2292C126200BA30DC /* Debug */ = {
			isa = XCBuildConfiguration;
			buildSettings = {
				ALWAYS_SEARCH_USER_PATHS = NO;
				CLANG_ANALYZER_NONNULL = YES;
				CLANG_ANALYZER_NUMBER_OBJECT_CONVERSION = YES_AGGRESSIVE;
				CLANG_CXX_LANGUAGE_STANDARD = "gnu++17";
				CLANG_ENABLE_MODULES = YES;
				CLANG_ENABLE_OBJC_ARC = YES;
				CLANG_ENABLE_OBJC_WEAK = YES;
				CLANG_WARN_BLOCK_CAPTURE_AUTORELEASING = YES;
				CLANG_WARN_BOOL_CONVERSION = YES;
				CLANG_WARN_COMMA = YES;
				CLANG_WARN_CONSTANT_CONVERSION = YES;
				CLANG_WARN_DEPRECATED_OBJC_IMPLEMENTATIONS = YES;
				CLANG_WARN_DIRECT_OBJC_ISA_USAGE = YES_ERROR;
				CLANG_WARN_DOCUMENTATION_COMMENTS = YES;
				CLANG_WARN_EMPTY_BODY = YES;
				CLANG_WARN_ENUM_CONVERSION = YES;
				CLANG_WARN_INFINITE_RECURSION = YES;
				CLANG_WARN_INT_CONVERSION = YES;
				CLANG_WARN_NON_LITERAL_NULL_CONVERSION = YES;
				CLANG_WARN_OBJC_IMPLICIT_RETAIN_SELF = YES;
				CLANG_WARN_OBJC_LITERAL_CONVERSION = YES;
				CLANG_WARN_OBJC_ROOT_CLASS = YES_ERROR;
				CLANG_WARN_QUOTED_INCLUDE_IN_FRAMEWORK_HEADER = YES;
				CLANG_WARN_RANGE_LOOP_ANALYSIS = YES;
				CLANG_WARN_STRICT_PROTOTYPES = YES;
				CLANG_WARN_SUSPICIOUS_MOVE = YES;
				CLANG_WARN_UNGUARDED_AVAILABILITY = YES_AGGRESSIVE;
				CLANG_WARN_UNREACHABLE_CODE = YES;
				CLANG_WARN__DUPLICATE_METHOD_MATCH = YES;
				COPY_PHASE_STRIP = NO;
				DEBUG_INFORMATION_FORMAT = dwarf;
				ENABLE_STRICT_OBJC_MSGSEND = YES;
				ENABLE_TESTABILITY = YES;
				GCC_C_LANGUAGE_STANDARD = gnu11;
				GCC_DYNAMIC_NO_PIC = NO;
				GCC_NO_COMMON_BLOCKS = YES;
				GCC_OPTIMIZATION_LEVEL = 0;
				GCC_PREPROCESSOR_DEFINITIONS = (
					"DEBUG=1",
					"$(inherited)",
				);
				GCC_WARN_64_TO_32_BIT_CONVERSION = YES;
				GCC_WARN_ABOUT_RETURN_TYPE = YES_ERROR;
				GCC_WARN_UNDECLARED_SELECTOR = YES;
				GCC_WARN_UNINITIALIZED_AUTOS = YES_AGGRESSIVE;
				GCC_WARN_UNUSED_FUNCTION = YES;
				GCC_WARN_UNUSED_VARIABLE = YES;
				MTL_ENABLE_DEBUG_INFO = INCLUDE_SOURCE;
				MTL_FAST_MATH = YES;
				ONLY_ACTIVE_ARCH = YES;
				SWIFT_ACTIVE_COMPILATION_CONDITIONS = DEBUG;
				SWIFT_OPTIMIZATION_LEVEL = "-Onone";
			};
			name = Debug;
		};
		220D40E3292C126200BA30DC /* Release */ = {
			isa = XCBuildConfiguration;
			buildSettings = {
				ALWAYS_SEARCH_USER_PATHS = NO;
				CLANG_ANALYZER_NONNULL = YES;
				CLANG_ANALYZER_NUMBER_OBJECT_CONVERSION = YES_AGGRESSIVE;
				CLANG_CXX_LANGUAGE_STANDARD = "gnu++17";
				CLANG_ENABLE_MODULES = YES;
				CLANG_ENABLE_OBJC_ARC = YES;
				CLANG_ENABLE_OBJC_WEAK = YES;
				CLANG_WARN_BLOCK_CAPTURE_AUTORELEASING = YES;
				CLANG_WARN_BOOL_CONVERSION = YES;
				CLANG_WARN_COMMA = YES;
				CLANG_WARN_CONSTANT_CONVERSION = YES;
				CLANG_WARN_DEPRECATED_OBJC_IMPLEMENTATIONS = YES;
				CLANG_WARN_DIRECT_OBJC_ISA_USAGE = YES_ERROR;
				CLANG_WARN_DOCUMENTATION_COMMENTS = YES;
				CLANG_WARN_EMPTY_BODY = YES;
				CLANG_WARN_ENUM_CONVERSION = YES;
				CLANG_WARN_INFINITE_RECURSION = YES;
				CLANG_WARN_INT_CONVERSION = YES;
				CLANG_WARN_NON_LITERAL_NULL_CONVERSION = YES;
				CLANG_WARN_OBJC_IMPLICIT_RETAIN_SELF = YES;
				CLANG_WARN_OBJC_LITERAL_CONVERSION = YES;
				CLANG_WARN_OBJC_ROOT_CLASS = YES_ERROR;
				CLANG_WARN_QUOTED_INCLUDE_IN_FRAMEWORK_HEADER = YES;
				CLANG_WARN_RANGE_LOOP_ANALYSIS = YES;
				CLANG_WARN_STRICT_PROTOTYPES = YES;
				CLANG_WARN_SUSPICIOUS_MOVE = YES;
				CLANG_WARN_UNGUARDED_AVAILABILITY = YES_AGGRESSIVE;
				CLANG_WARN_UNREACHABLE_CODE = YES;
				CLANG_WARN__DUPLICATE_METHOD_MATCH = YES;
				COPY_PHASE_STRIP = NO;
				DEBUG_INFORMATION_FORMAT = "dwarf-with-dsym";
				ENABLE_NS_ASSERTIONS = NO;
				ENABLE_STRICT_OBJC_MSGSEND = YES;
				GCC_C_LANGUAGE_STANDARD = gnu11;
				GCC_NO_COMMON_BLOCKS = YES;
				GCC_WARN_64_TO_32_BIT_CONVERSION = YES;
				GCC_WARN_ABOUT_RETURN_TYPE = YES_ERROR;
				GCC_WARN_UNDECLARED_SELECTOR = YES;
				GCC_WARN_UNINITIALIZED_AUTOS = YES_AGGRESSIVE;
				GCC_WARN_UNUSED_FUNCTION = YES;
				GCC_WARN_UNUSED_VARIABLE = YES;
				MTL_ENABLE_DEBUG_INFO = NO;
				MTL_FAST_MATH = YES;
				SWIFT_COMPILATION_MODE = wholemodule;
				SWIFT_OPTIMIZATION_LEVEL = "-O";
			};
			name = Release;
		};
		220D40E5292C126200BA30DC /* Debug */ = {
			isa = XCBuildConfiguration;
			buildSettings = {
				ASSETCATALOG_COMPILER_APPICON_NAME = AppIcon;
				ASSETCATALOG_COMPILER_GLOBAL_ACCENT_COLOR_NAME = AccentColor;
				CODE_SIGN_STYLE = Automatic;
				CURRENT_PROJECT_VERSION = 1;
				ENABLE_PREVIEWS = YES;
				GENERATE_INFOPLIST_FILE = YES;
				INFOPLIST_KEY_UIApplicationSceneManifest_Generation = YES;
				INFOPLIST_KEY_UIApplicationSupportsIndirectInputEvents = YES;
				INFOPLIST_KEY_UILaunchScreen_Generation = YES;
				INFOPLIST_KEY_UISupportedInterfaceOrientations_iPad = "UIInterfaceOrientationPortrait UIInterfaceOrientationPortraitUpsideDown UIInterfaceOrientationLandscapeLeft UIInterfaceOrientationLandscapeRight";
				INFOPLIST_KEY_UISupportedInterfaceOrientations_iPhone = "UIInterfaceOrientationPortrait UIInterfaceOrientationLandscapeLeft UIInterfaceOrientationLandscapeRight";
				IPHONEOS_DEPLOYMENT_TARGET = 15.5;
				LD_RUNPATH_SEARCH_PATHS = (
					"$(inherited)",
					"@executable_path/Frameworks",
				);
				MARKETING_VERSION = 1.0;
				PRODUCT_BUNDLE_IDENTIFIER = com.hitro.GameCalci;
				PRODUCT_NAME = GameCalci;
				SDKROOT = iphoneos;
				SWIFT_EMIT_LOC_STRINGS = YES;
				SWIFT_VERSION = 5.0;
				TARGETED_DEVICE_FAMILY = "1,2";
			};
			name = Debug;
		};
		220D40E6292C126200BA30DC /* Release */ = {
			isa = XCBuildConfiguration;
			buildSettings = {
				ASSETCATALOG_COMPILER_APPICON_NAME = AppIcon;
				ASSETCATALOG_COMPILER_GLOBAL_ACCENT_COLOR_NAME = AccentColor;
				CODE_SIGN_STYLE = Automatic;
				CURRENT_PROJECT_VERSION = 1;
				ENABLE_PREVIEWS = YES;
				GENERATE_INFOPLIST_FILE = YES;
				INFOPLIST_KEY_UIApplicationSceneManifest_Generation = YES;
				INFOPLIST_KEY_UIApplicationSupportsIndirectInputEvents = YES;
				INFOPLIST_KEY_UILaunchScreen_Generation = YES;
				INFOPLIST_KEY_UISupportedInterfaceOrientations_iPad = "UIInterfaceOrientationPortrait UIInterfaceOrientationPortraitUpsideDown UIInterfaceOrientationLandscapeLeft UIInterfaceOrientationLandscapeRight";
				INFOPLIST_KEY_UISupportedInterfaceOrientations_iPhone = "UIInterfaceOrientationPortrait UIInterfaceOrientationLandscapeLeft UIInterfaceOrientationLandscapeRight";
				IPHONEOS_DEPLOYMENT_TARGET = 15.5;
				LD_RUNPATH_SEARCH_PATHS = (
					"$(inherited)",
					"@executable_path/Frameworks",
				);
				MARKETING_VERSION = 1.0;
				PRODUCT_BUNDLE_IDENTIFIER = com.hitro.GameCalci;
				PRODUCT_NAME = GameCalci;
				SDKROOT = iphoneos;
				SWIFT_EMIT_LOC_STRINGS = YES;
				SWIFT_VERSION = 5.0;
				TARGETED_DEVICE_FAMILY = "1,2";
				VALIDATE_PRODUCT = YES;
			};
			name = Release;
		};
		220D40E8292C126200BA30DC /* Debug */ = {
			isa = XCBuildConfiguration;
			buildSettings = {
				ASSETCATALOG_COMPILER_APPICON_NAME = AppIcon;
				ASSETCATALOG_COMPILER_GLOBAL_ACCENT_COLOR_NAME = AccentColor;
				CODE_SIGN_ENTITLEMENTS = macOS/macOS.entitlements;
				CODE_SIGN_STYLE = Automatic;
				COMBINE_HIDPI_IMAGES = YES;
				CURRENT_PROJECT_VERSION = 1;
				ENABLE_PREVIEWS = YES;
				GENERATE_INFOPLIST_FILE = YES;
				INFOPLIST_KEY_NSHumanReadableCopyright = "";
				LD_RUNPATH_SEARCH_PATHS = (
					"$(inherited)",
					"@executable_path/../Frameworks",
				);
				MACOSX_DEPLOYMENT_TARGET = 12.3;
				MARKETING_VERSION = 1.0;
				PRODUCT_BUNDLE_IDENTIFIER = com.hitro.GameCalci;
				PRODUCT_NAME = GameCalci;
				SDKROOT = macosx;
				SWIFT_EMIT_LOC_STRINGS = YES;
				SWIFT_VERSION = 5.0;
			};
			name = Debug;
		};
		220D40E9292C126200BA30DC /* Release */ = {
			isa = XCBuildConfiguration;
			buildSettings = {
				ASSETCATALOG_COMPILER_APPICON_NAME = AppIcon;
				ASSETCATALOG_COMPILER_GLOBAL_ACCENT_COLOR_NAME = AccentColor;
				CODE_SIGN_ENTITLEMENTS = macOS/macOS.entitlements;
				CODE_SIGN_STYLE = Automatic;
				COMBINE_HIDPI_IMAGES = YES;
				CURRENT_PROJECT_VERSION = 1;
				ENABLE_PREVIEWS = YES;
				GENERATE_INFOPLIST_FILE = YES;
				INFOPLIST_KEY_NSHumanReadableCopyright = "";
				LD_RUNPATH_SEARCH_PATHS = (
					"$(inherited)",
					"@executable_path/../Frameworks",
				);
				MACOSX_DEPLOYMENT_TARGET = 12.3;
				MARKETING_VERSION = 1.0;
				PRODUCT_BUNDLE_IDENTIFIER = com.hitro.GameCalci;
				PRODUCT_NAME = GameCalci;
				SDKROOT = macosx;
				SWIFT_EMIT_LOC_STRINGS = YES;
				SWIFT_VERSION = 5.0;
			};
			name = Release;
		};
		220D40EB292C126200BA30DC /* Debug */ = {
			isa = XCBuildConfiguration;
			buildSettings = {
				ALWAYS_EMBED_SWIFT_STANDARD_LIBRARIES = YES;
				CODE_SIGN_STYLE = Automatic;
				CURRENT_PROJECT_VERSION = 1;
				GENERATE_INFOPLIST_FILE = YES;
				IPHONEOS_DEPLOYMENT_TARGET = 15.5;
				MARKETING_VERSION = 1.0;
				PRODUCT_BUNDLE_IDENTIFIER = "com.hitro.Tests-iOS";
				PRODUCT_NAME = "$(TARGET_NAME)";
				SDKROOT = iphoneos;
				SWIFT_EMIT_LOC_STRINGS = NO;
				SWIFT_VERSION = 5.0;
				TARGETED_DEVICE_FAMILY = "1,2";
				TEST_TARGET_NAME = "GameCalci (iOS)";
			};
			name = Debug;
		};
		220D40EC292C126200BA30DC /* Release */ = {
			isa = XCBuildConfiguration;
			buildSettings = {
				ALWAYS_EMBED_SWIFT_STANDARD_LIBRARIES = YES;
				CODE_SIGN_STYLE = Automatic;
				CURRENT_PROJECT_VERSION = 1;
				GENERATE_INFOPLIST_FILE = YES;
				IPHONEOS_DEPLOYMENT_TARGET = 15.5;
				MARKETING_VERSION = 1.0;
				PRODUCT_BUNDLE_IDENTIFIER = "com.hitro.Tests-iOS";
				PRODUCT_NAME = "$(TARGET_NAME)";
				SDKROOT = iphoneos;
				SWIFT_EMIT_LOC_STRINGS = NO;
				SWIFT_VERSION = 5.0;
				TARGETED_DEVICE_FAMILY = "1,2";
				TEST_TARGET_NAME = "GameCalci (iOS)";
				VALIDATE_PRODUCT = YES;
			};
			name = Release;
		};
		220D40EE292C126200BA30DC /* Debug */ = {
			isa = XCBuildConfiguration;
			buildSettings = {
				ALWAYS_EMBED_SWIFT_STANDARD_LIBRARIES = YES;
				CODE_SIGN_STYLE = Automatic;
				CURRENT_PROJECT_VERSION = 1;
				GENERATE_INFOPLIST_FILE = YES;
				MACOSX_DEPLOYMENT_TARGET = 12.3;
				MARKETING_VERSION = 1.0;
				PRODUCT_BUNDLE_IDENTIFIER = "com.hitro.Tests-macOS";
				PRODUCT_NAME = "$(TARGET_NAME)";
				SDKROOT = macosx;
				SWIFT_EMIT_LOC_STRINGS = NO;
				SWIFT_VERSION = 5.0;
				TEST_TARGET_NAME = "GameCalci (macOS)";
			};
			name = Debug;
		};
		220D40EF292C126200BA30DC /* Release */ = {
			isa = XCBuildConfiguration;
			buildSettings = {
				ALWAYS_EMBED_SWIFT_STANDARD_LIBRARIES = YES;
				CODE_SIGN_STYLE = Automatic;
				CURRENT_PROJECT_VERSION = 1;
				GENERATE_INFOPLIST_FILE = YES;
				MACOSX_DEPLOYMENT_TARGET = 12.3;
				MARKETING_VERSION = 1.0;
				PRODUCT_BUNDLE_IDENTIFIER = "com.hitro.Tests-macOS";
				PRODUCT_NAME = "$(TARGET_NAME)";
				SDKROOT = macosx;
				SWIFT_EMIT_LOC_STRINGS = NO;
				SWIFT_VERSION = 5.0;
				TEST_TARGET_NAME = "GameCalci (macOS)";
			};
			name = Release;
		};
/* End XCBuildConfiguration section */

/* Begin XCConfigurationList section */
		220D40B2292C126100BA30DC /* Build configuration list for PBXProject "GameCalci" */ = {
			isa = XCConfigurationList;
			buildConfigurations = (
				220D40E2292C126200BA30DC /* Debug */,
				220D40E3292C126200BA30DC /* Release */,
			);
			defaultConfigurationIsVisible = 0;
			defaultConfigurationName = Release;
		};
		220D40E4292C126200BA30DC /* Build configuration list for PBXNativeTarget "GameCalci (iOS)" */ = {
			isa = XCConfigurationList;
			buildConfigurations = (
				220D40E5292C126200BA30DC /* Debug */,
				220D40E6292C126200BA30DC /* Release */,
			);
			defaultConfigurationIsVisible = 0;
			defaultConfigurationName = Release;
		};
		220D40E7292C126200BA30DC /* Build configuration list for PBXNativeTarget "GameCalci (macOS)" */ = {
			isa = XCConfigurationList;
			buildConfigurations = (
				220D40E8292C126200BA30DC /* Debug */,
				220D40E9292C126200BA30DC /* Release */,
			);
			defaultConfigurationIsVisible = 0;
			defaultConfigurationName = Release;
		};
		220D40EA292C126200BA30DC /* Build configuration list for PBXNativeTarget "Tests iOS" */ = {
			isa = XCConfigurationList;
			buildConfigurations = (
				220D40EB292C126200BA30DC /* Debug */,
				220D40EC292C126200BA30DC /* Release */,
			);
			defaultConfigurationIsVisible = 0;
			defaultConfigurationName = Release;
		};
		220D40ED292C126200BA30DC /* Build configuration list for PBXNativeTarget "Tests macOS" */ = {
			isa = XCConfigurationList;
			buildConfigurations = (
				220D40EE292C126200BA30DC /* Debug */,
				220D40EF292C126200BA30DC /* Release */,
			);
			defaultConfigurationIsVisible = 0;
			defaultConfigurationName = Release;
		};
/* End XCConfigurationList section */
	};
	rootObject = 220D40AF292C126100BA30DC /* Project object */;
}
